
Microsoft Visual Studio Solution File, Format Version 12.00
# Visual Studio Version 17
VisualStudioVersion = 17.7.34024.191
MinimumVisualStudioVersion = 10.0.40219.1
Project("{FAE04EC0-301F-11D3-BF4B-00C04F79EFBC}") = "less 2", "less 2.csproj", "{85DE1BBB-A77F-4CBF-8A33-8D029A6B9D8F}"
EndProject
Global
	GlobalSection(SolutionConfigurationPlatforms) = preSolution
		Debug|Any CPU = Debug|Any CPU
		Release|Any CPU = Release|Any CPU
	EndGlobalSection
	GlobalSection(ProjectConfigurationPlatforms) = postSolution
		{85DE1BBB-A77F-4CBF-8A33-8D029A6B9D8F}.Debug|Any CPU.ActiveCfg = Debug|Any CPU
		{85DE1BBB-A77F-4CBF-8A33-8D029A6B9D8F}.Debug|Any CPU.Build.0 = Debug|Any CPU
		{85DE1BBB-A77F-4CBF-8A33-8D029A6B9D8F}.Release|Any CPU.ActiveCfg = Release|Any CPU
		{85DE1BBB-A77F-4CBF-8A33-8D029A6B9D8F}.Release|Any CPU.Build.0 = Release|Any CPU
	EndGlobalSection
	GlobalSection(SolutionProperties) = preSolution
		HideSolutionNode = FALSE
	EndGlobalSection
	GlobalSection(ExtensibilityGlobals) = postSolution
		SolutionGuid = {1A70699D-EE6D-4E56-8729-B5DDDDE1EF2D}
	EndGlobalSection
EndGlobal
